// !$*UTF8*$!
{
	archiveVersion = 1;
	classes = {
	};
	objectVersion = 46;
	objects = {

/* Begin PBXBuildFile section */
		08037F4F1BDF422E008EC4A4 /* phrases.plist in Resources */ = {isa = PBXBuildFile; fileRef = 08037F4E1BDF422E008EC4A4 /* phrases.plist */; settings = {ASSET_TAGS = (); }; };
		08037F511BDF424F008EC4A4 /* HangmanPhrase.swift in Sources */ = {isa = PBXBuildFile; fileRef = 08037F501BDF424F008EC4A4 /* HangmanPhrase.swift */; settings = {ASSET_TAGS = (); }; };
		08F4431F1BDF02D100F71602 /* imgs in Resources */ = {isa = PBXBuildFile; fileRef = 08F4431E1BDF02D100F71602 /* imgs */; settings = {ASSET_TAGS = (); }; };
		3A2BBF5A1BCDDAC200B23285 /* AppDelegate.swift in Sources */ = {isa = PBXBuildFile; fileRef = 3A2BBF591BCDDAC200B23285 /* AppDelegate.swift */; };
		3A2BBF5C1BCDDAC200B23285 /* HangmanViewController.swift in Sources */ = {isa = PBXBuildFile; fileRef = 3A2BBF5B1BCDDAC200B23285 /* HangmanViewController.swift */; };
		3A2BBF5F1BCDDAC200B23285 /* Main.storyboard in Resources */ = {isa = PBXBuildFile; fileRef = 3A2BBF5D1BCDDAC200B23285 /* Main.storyboard */; };
		3A2BBF611BCDDAC200B23285 /* Assets.xcassets in Resources */ = {isa = PBXBuildFile; fileRef = 3A2BBF601BCDDAC200B23285 /* Assets.xcassets */; };
		3A2BBF641BCDDAC200B23285 /* LaunchScreen.storyboard in Resources */ = {isa = PBXBuildFile; fileRef = 3A2BBF621BCDDAC200B23285 /* LaunchScreen.storyboard */; };
		3A2BBF731BCDE37800B23285 /* Hangman.swift in Sources */ = {isa = PBXBuildFile; fileRef = 3A2BBF721BCDE37800B23285 /* Hangman.swift */; settings = {ASSET_TAGS = (); }; };
/* End PBXBuildFile section */

/* Begin PBXFileReference section */
		08037F4E1BDF422E008EC4A4 /* phrases.plist */ = {isa = PBXFileReference; fileEncoding = 4; lastKnownFileType = text.plist.xml; name = phrases.plist; path = "../../ios-decal-hw3/Hangman/phrases.plist"; sourceTree = "<group>"; };
		08037F501BDF424F008EC4A4 /* HangmanPhrase.swift */ = {isa = PBXFileReference; fileEncoding = 4; lastKnownFileType = sourcecode.swift; name = HangmanPhrase.swift; path = "../../ios-decal-hw3/Hangman/HangmanPhrase.swift"; sourceTree = "<group>"; };
		08F4431E1BDF02D100F71602 /* imgs */ = {isa = PBXFileReference; lastKnownFileType = folder; path = imgs; sourceTree = SOURCE_ROOT; };
		3A2BBF561BCDDAC200B23285 /* Hangman.app */ = {isa = PBXFileReference; explicitFileType = wrapper.application; includeInIndex = 0; path = Hangman.app; sourceTree = BUILT_PRODUCTS_DIR; };
		3A2BBF591BCDDAC200B23285 /* AppDelegate.swift */ = {isa = PBXFileReference; lastKnownFileType = sourcecode.swift; path = AppDelegate.swift; sourceTree = "<group>"; };
		3A2BBF5B1BCDDAC200B23285 /* HangmanViewController.swift */ = {isa = PBXFileReference; lastKnownFileType = sourcecode.swift; path = HangmanViewController.swift; sourceTree = "<group>"; };
		3A2BBF5E1BCDDAC200B23285 /* Base */ = {isa = PBXFileReference; lastKnownFileType = file.storyboard; name = Base; path = Base.lproj/Main.storyboard; sourceTree = "<group>"; };
		3A2BBF601BCDDAC200B23285 /* Assets.xcassets */ = {isa = PBXFileReference; lastKnownFileType = folder.assetcatalog; path = Assets.xcassets; sourceTree = "<group>"; };
		3A2BBF631BCDDAC200B23285 /* Base */ = {isa = PBXFileReference; lastKnownFileType = file.storyboard; name = Base; path = Base.lproj/LaunchScreen.storyboard; sourceTree = "<group>"; };
		3A2BBF651BCDDAC200B23285 /* Info.plist */ = {isa = PBXFileReference; lastKnownFileType = text.plist.xml; path = Info.plist; sourceTree = "<group>"; };
		3A2BBF721BCDE37800B23285 /* Hangman.swift */ = {isa = PBXFileReference; fileEncoding = 4; lastKnownFileType = sourcecode.swift; path = Hangman.swift; sourceTree = "<group>"; };
/* End PBXFileReference section */

/* Begin PBXFrameworksBuildPhase section */
		3A2BBF531BCDDAC200B23285 /* Frameworks */ = {
			isa = PBXFrameworksBuildPhase;
			buildActionMask = 2147483647;
			files = (
			);
			runOnlyForDeploymentPostprocessing = 0;
		};
/* End PBXFrameworksBuildPhase section */

/* Begin PBXGroup section */
		3A2BBF4D1BCDDAC200B23285 = {
			isa = PBXGroup;
			children = (
				3A2BBF581BCDDAC200B23285 /* Hangman */,
				3A2BBF571BCDDAC200B23285 /* Products */,
			);
			sourceTree = "<group>";
		};
		3A2BBF571BCDDAC200B23285 /* Products */ = {
			isa = PBXGroup;
			children = (
				3A2BBF561BCDDAC200B23285 /* Hangman.app */,
			);
			name = Products;
			sourceTree = "<group>";
		};
		3A2BBF581BCDDAC200B23285 /* Hangman */ = {
			isa = PBXGroup;
			children = (
				08F4431E1BDF02D100F71602 /* imgs */,
				3A2BBF711BCDE36400B23285 /* API */,
				3A2BBF701BCDE24000B23285 /* Views */,
				3A2BBF6B1BCDDD7B00B23285 /* Words */,
				3A2BBF591BCDDAC200B23285 /* AppDelegate.swift */,
				3A2BBF5D1BCDDAC200B23285 /* Main.storyboard */,
				3A2BBF601BCDDAC200B23285 /* Assets.xcassets */,
				3A2BBF621BCDDAC200B23285 /* LaunchScreen.storyboard */,
				3A2BBF651BCDDAC200B23285 /* Info.plist */,
			);
			path = Hangman;
			sourceTree = "<group>";
		};
		3A2BBF6B1BCDDD7B00B23285 /* Words */ = {
			isa = PBXGroup;
			children = (
				08037F501BDF424F008EC4A4 /* HangmanPhrase.swift */,
				08037F4E1BDF422E008EC4A4 /* phrases.plist */,
			);
			name = Words;
			sourceTree = "<group>";
		};
		3A2BBF701BCDE24000B23285 /* Views */ = {
			isa = PBXGroup;
			children = (
				3A2BBF5B1BCDDAC200B23285 /* HangmanViewController.swift */,
			);
			name = Views;
			sourceTree = "<group>";
		};
		3A2BBF711BCDE36400B23285 /* API */ = {
			isa = PBXGroup;
			children = (
				3A2BBF721BCDE37800B23285 /* Hangman.swift */,
			);
			name = API;
			sourceTree = "<group>";
		};
/* End PBXGroup section */

/* Begin PBXNativeTarget section */
		3A2BBF551BCDDAC200B23285 /* Hangman */ = {
			isa = PBXNativeTarget;
			buildConfigurationList = 3A2BBF681BCDDAC200B23285 /* Build configuration list for PBXNativeTarget "Hangman" */;
			buildPhases = (
				3A2BBF521BCDDAC200B23285 /* Sources */,
				3A2BBF531BCDDAC200B23285 /* Frameworks */,
				3A2BBF541BCDDAC200B23285 /* Resources */,
			);
			buildRules = (
			);
			dependencies = (
			);
			name = Hangman;
			productName = Hangman;
			productReference = 3A2BBF561BCDDAC200B23285 /* Hangman.app */;
			productType = "com.apple.product-type.application";
		};
/* End PBXNativeTarget section */

/* Begin PBXProject section */
		3A2BBF4E1BCDDAC200B23285 /* Project object */ = {
			isa = PBXProject;
			attributes = {
				LastUpgradeCheck = 0700;
				ORGANIZATIONNAME = "cs198-ios";
				TargetAttributes = {
					3A2BBF551BCDDAC200B23285 = {
						CreatedOnToolsVersion = 7.0;
					};
				};
			};
			buildConfigurationList = 3A2BBF511BCDDAC200B23285 /* Build configuration list for PBXProject "Hangman" */;
			compatibilityVersion = "Xcode 3.2";
			developmentRegion = English;
			hasScannedForEncodings = 0;
			knownRegions = (
				en,
				Base,
			);
			mainGroup = 3A2BBF4D1BCDDAC200B23285;
			productRefGroup = 3A2BBF571BCDDAC200B23285 /* Products */;
			projectDirPath = "";
			projectRoot = "";
			targets = (
				3A2BBF551BCDDAC200B23285 /* Hangman */,
			);
		};
/* End PBXProject section */

/* Begin PBXResourcesBuildPhase section */
		3A2BBF541BCDDAC200B23285 /* Resources */ = {
			isa = PBXResourcesBuildPhase;
			buildActionMask = 2147483647;
			files = (
				08F4431F1BDF02D100F71602 /* imgs in Resources */,
				3A2BBF641BCDDAC200B23285 /* LaunchScreen.storyboard in Resources */,
				3A2BBF611BCDDAC200B23285 /* Assets.xcassets in Resources */,
				3A2BBF5F1BCDDAC200B23285 /* Main.storyboard in Resources */,
				08037F4F1BDF422E008EC4A4 /* phrases.plist in Resources */,
			);
			runOnlyForDeploymentPostprocessing = 0;
		};
/* End PBXResourcesBuildPhase section */

/* Begin PBXSourcesBuildPhase section */
		3A2BBF521BCDDAC200B23285 /* Sources */ = {
			isa = PBXSourcesBuildPhase;
			buildActionMask = 2147483647;
			files = (
				3A2BBF5C1BCDDAC200B23285 /* HangmanViewController.swift in Sources */,
				3A2BBF731BCDE37800B23285 /* Hangman.swift in Sources */,
				3A2BBF5A1BCDDAC200B23285 /* AppDelegate.swift in Sources */,
				08037F511BDF424F008EC4A4 /* HangmanPhrase.swift in Sources */,
			);
			runOnlyForDeploymentPostprocessing = 0;
		};
/* End PBXSourcesBuildPhase section */

/* Begin PBXVariantGroup section */
		3A2BBF5D1BCDDAC200B23285 /* Main.storyboard */ = {
			isa = PBXVariantGroup;
			children = (
				3A2BBF5E1BCDDAC200B23285 /* Base */,
			);
			name = Main.storyboard;
			sourceTree = "<group>";
		};
		3A2BBF621BCDDAC200B23285 /* LaunchScreen.storyboard */ = {
			isa = PBXVariantGroup;
			children = (
				3A2BBF631BCDDAC200B23285 /* Base */,
			);
			name = LaunchScreen.storyboard;
			sourceTree = "<group>";
		};
/* End PBXVariantGroup section */

/* Begin XCBuildConfiguration section */
		3A2BBF661BCDDAC200B23285 /* Debug */ = {
			isa = XCBuildConfiguration;
			buildSettings = {
				ALWAYS_SEARCH_USER_PATHS = NO;
				CLANG_CXX_LANGUAGE_STANDARD = "gnu++0x";
				CLANG_CXX_LIBRARY = "libc++";
				CLANG_ENABLE_MODULES = YES;
				CLANG_ENABLE_OBJC_ARC = YES;
				CLANG_WARN_BOOL_CONVERSION = YES;
				CLANG_WARN_CONSTANT_CONVERSION = YES;
				CLANG_WARN_DIRECT_OBJC_ISA_USAGE = YES_ERROR;
				CLANG_WARN_EMPTY_BODY = YES;
				CLANG_WARN_ENUM_CONVERSION = YES;
				CLANG_WARN_INT_CONVERSION = YES;
				CLANG_WARN_OBJC_ROOT_CLASS = YES_ERROR;
				CLANG_WARN_UNREACHABLE_CODE = YES;
				CLANG_WARN__DUPLICATE_METHOD_MATCH = YES;
				"CODE_SIGN_IDENTITY[sdk=iphoneos*]" = "iPhone Developer";
				COPY_PHASE_STRIP = NO;
				DEBUG_INFORMATION_FORMAT = dwarf;
				ENABLE_STRICT_OBJC_MSGSEND = YES;
				ENABLE_TESTABILITY = YES;
				GCC_C_LANGUAGE_STANDARD = gnu99;
				GCC_DYNAMIC_NO_PIC = NO;
				GCC_NO_COMMON_BLOCKS = YES;
				GCC_OPTIMIZATION_LEVEL = 0;
				GCC_PREPROCESSOR_DEFINITIONS = (
					"DEBUG=1",
					"$(inherited)",
				);
				GCC_WARN_64_TO_32_BIT_CONVERSION = YES;
				GCC_WARN_ABOUT_RETURN_TYPE = YES_ERROR;
				GCC_WARN_UNDECLARED_SELECTOR = YES;
				GCC_WARN_UNINITIALIZED_AUTOS = YES_AGGRESSIVE;
				GCC_WARN_UNUSED_FUNCTION = YES;
				GCC_WARN_UNUSED_VARIABLE = YES;
				IPHONEOS_DEPLOYMENT_TARGET = 9.0;
				MTL_ENABLE_DEBUG_INFO = YES;
				ONLY_ACTIVE_ARCH = YES;
				SDKROOT = iphoneos;
				SWIFT_OPTIMIZATION_LEVEL = "-Onone";
			};
			name = Debug;
		};
		3A2BBF671BCDDAC200B23285 /* Release */ = {
			isa = XCBuildConfiguration;
			buildSettings = {
				ALWAYS_SEARCH_USER_PATHS = NO;
				CLANG_CXX_LANGUAGE_STANDARD = "gnu++0x";
				CLANG_CXX_LIBRARY = "libc++";
				CLANG_ENABLE_MODULES = YES;
				CLANG_ENABLE_OBJC_ARC = YES;
				CLANG_WARN_BOOL_CONVERSION = YES;
				CLANG_WARN_CONSTANT_CONVERSION = YES;
				CLANG_WARN_DIRECT_OBJC_ISA_USAGE = YES_ERROR;
				CLANG_WARN_EMPTY_BODY = YES;
				CLANG_WARN_ENUM_CONVERSION = YES;
				CLANG_WARN_INT_CONVERSION = YES;
				CLANG_WARN_OBJC_ROOT_CLASS = YES_ERROR;
				CLANG_WARN_UNREACHABLE_CODE = YES;
				CLANG_WARN__DUPLICATE_METHOD_MATCH = YES;
				"CODE_SIGN_IDENTITY[sdk=iphoneos*]" = "iPhone Developer";
				COPY_PHASE_STRIP = NO;
				DEBUG_INFORMATION_FORMAT = "dwarf-with-dsym";
				ENABLE_NS_ASSERTIONS = NO;
				ENABLE_STRICT_OBJC_MSGSEND = YES;
				GCC_C_LANGUAGE_STANDARD = gnu99;
				GCC_NO_COMMON_BLOCKS = YES;
				GCC_WARN_64_TO_32_BIT_CONVERSION = YES;
				GCC_WARN_ABOUT_RETURN_TYPE = YES_ERROR;
				GCC_WARN_UNDECLARED_SELECTOR = YES;
				GCC_WARN_UNINITIALIZED_AUTOS = YES_AGGRESSIVE;
				GCC_WARN_UNUSED_FUNCTION = YES;
				GCC_WARN_UNUSED_VARIABLE = YES;
				IPHONEOS_DEPLOYMENT_TARGET = 9.0;
				MTL_ENABLE_DEBUG_INFO = NO;
				SDKROOT = iphoneos;
				VALIDATE_PRODUCT = YES;
			};
			name = Release;
		};
		3A2BBF691BCDDAC200B23285 /* Debug */ = {
			isa = XCBuildConfiguration;
			buildSettings = {
				ASSETCATALOG_COMPILER_APPICON_NAME = AppIcon;
				INFOPLIST_FILE = Hangman/Info.plist;
				LD_RUNPATH_SEARCH_PATHS = "$(inherited) @executable_path/Frameworks";
				PRODUCT_BUNDLE_IDENTIFIER = "cs198-ios.Hangman";
				PRODUCT_NAME = "$(TARGET_NAME)";
			};
			name = Debug;
		};
		3A2BBF6A1BCDDAC200B23285 /* Release */ = {
			isa = XCBuildConfiguration;
			buildSettings = {
				ASSETCATALOG_COMPILER_APPICON_NAME = AppIcon;
				INFOPLIST_FILE = Hangman/Info.plist;
				LD_RUNPATH_SEARCH_PATHS = "$(inherited) @executable_path/Frameworks";
				PRODUCT_BUNDLE_IDENTIFIER = "cs198-ios.Hangman";
				PRODUCT_NAME = "$(TARGET_NAME)";
			};
			name = Release;
		};
/* End XCBuildConfiguration section */

/* Begin XCConfigurationList section */
		3A2BBF511BCDDAC200B23285 /* Build configuration list for PBXProject "Hangman" */ = {
			isa = XCConfigurationList;
			buildConfigurations = (
				3A2BBF661BCDDAC200B23285 /* Debug */,
				3A2BBF671BCDDAC200B23285 /* Release */,
			);
			defaultConfigurationIsVisible = 0;
			defaultConfigurationName = Release;
		};
		3A2BBF681BCDDAC200B23285 /* Build configuration list for PBXNativeTarget "Hangman" */ = {
			isa = XCConfigurationList;
			buildConfigurations = (
				3A2BBF691BCDDAC200B23285 /* Debug */,
				3A2BBF6A1BCDDAC200B23285 /* Release */,
			);
			defaultConfigurationIsVisible = 0;
			defaultConfigurationName = Release;
		};
/* End XCConfigurationList section */
	};
	rootObject = 3A2BBF4E1BCDDAC200B23285 /* Project object */;
}
